
Microsoft Visual Studio Solution File, Format Version 12.00
# Visual Studio Version 16
VisualStudioVersion = 16.0.31613.86
MinimumVisualStudioVersion = 10.0.40219.1
Project("{FAE04EC0-301F-11D3-BF4B-00C04F79EFBC}") = "DB_Users", "DB_Users\DB_Users.csproj", "{12F47939-59A0-4AC9-8196-5400E3CAC3A9}"
EndProject
Global
	GlobalSection(SolutionConfigurationPlatforms) = preSolution
		Debug|Any CPU = Debug|Any CPU
		Release|Any CPU = Release|Any CPU
	EndGlobalSection
	GlobalSection(ProjectConfigurationPlatforms) = postSolution
		{12F47939-59A0-4AC9-8196-5400E3CAC3A9}.Debug|Any CPU.ActiveCfg = Debug|Any CPU
		{12F47939-59A0-4AC9-8196-5400E3CAC3A9}.Debug|Any CPU.Build.0 = Debug|Any CPU
		{12F47939-59A0-4AC9-8196-5400E3CAC3A9}.Release|Any CPU.ActiveCfg = Release|Any CPU
		{12F47939-59A0-4AC9-8196-5400E3CAC3A9}.Release|Any CPU.Build.0 = Release|Any CPU
	EndGlobalSection
	GlobalSection(SolutionProperties) = preSolution
		HideSolutionNode = FALSE
	EndGlobalSection
	GlobalSection(ExtensibilityGlobals) = postSolution
		SolutionGuid = {98583DA9-A963-4A3B-BC3F-BC507B1DBA36}
	EndGlobalSection
EndGlobal
